{
  "name": "sleek-relay",
  "lockfileVersion": 3,
  "requires": true,
  "packages": {
    "": {
      "name": "sleek-relay",
      "devDependencies": {
        "prettier": "^3.3.3"
      }
    },
    "apps/portal": {
      "name": "@sleek-relay/portal",
      "extraneous": true,
      "dependencies": {
        "next": "^15.4.0",
        "react": "^19.1.0",
        "react-dom": "^19.1.0"
      },
      "devDependencies": {
        "eslint": "^9.9.0"
      }
    },
    "node_modules/prettier": {
      "version": "3.9.6",
      "dev": true,
      "license": "MIT",
      "bin": {
        "prettier": "bin/prettier.cjs"
      },
      "engines": {
        "node": ">=14"
      },
      "funding": {
        "url": "https://github.com/prettier/prettier?sponsor=1"
      }
    }
  }
}
